
Microsoft Visual Studio Solution File, Format Version 12.00
# Visual Studio 14
VisualStudioVersion = 14.0.25420.1
MinimumVisualStudioVersion = 10.0.40219.1
Project("{FAE04EC0-301F-11D3-BF4B-00C04F79EFBC}") = "TwitchApp", "TwitchApp\TwitchApp.csproj", "{39EDD7E8-7C14-4269-80B3-52BAD2098141}"
EndProject
Project("{54435603-DBB4-11D2-8724-00A0C9A8B90C}") = "Installer", "Installer\Installer.vdproj", "{B7977A6A-31F5-423E-9EFB-477FFD72794A}"
EndProject
Global
	GlobalSection(SolutionConfigurationPlatforms) = preSolution
		Debug|Any CPU = Debug|Any CPU
		Release|Any CPU = Release|Any CPU
	EndGlobalSection
	GlobalSection(ProjectConfigurationPlatforms) = postSolution
		{39EDD7E8-7C14-4269-80B3-52BAD2098141}.Debug|Any CPU.ActiveCfg = Debug|Any CPU
		{39EDD7E8-7C14-4269-80B3-52BAD2098141}.Debug|Any CPU.Build.0 = Debug|Any CPU
		{39EDD7E8-7C14-4269-80B3-52BAD2098141}.Release|Any CPU.ActiveCfg = Release|Any CPU
		{39EDD7E8-7C14-4269-80B3-52BAD2098141}.Release|Any CPU.Build.0 = Release|Any CPU
		{B7977A6A-31F5-423E-9EFB-477FFD72794A}.Debug|Any CPU.ActiveCfg = Debug
		{B7977A6A-31F5-423E-9EFB-477FFD72794A}.Release|Any CPU.ActiveCfg = Release
	EndGlobalSection
	GlobalSection(SolutionProperties) = preSolution
		HideSolutionNode = FALSE
	EndGlobalSection
EndGlobal
